
Microsoft Visual Studio Solution File, Format Version 12.00
# Visual Studio Version 17
VisualStudioVersion = 17.3.32819.101
MinimumVisualStudioVersion = 10.0.40219.1
Project("{FAE04EC0-301F-11D3-BF4B-00C04F79EFBC}") = "srstestsample", "srstestsample\srstestsample.csproj", "{97C500D2-3797-4D9E-9A57-1EA6DD425B64}"
EndProject
Global
	GlobalSection(SolutionConfigurationPlatforms) = preSolution
		Debug|Any CPU = Debug|Any CPU
		Release|Any CPU = Release|Any CPU
	EndGlobalSection
	GlobalSection(ProjectConfigurationPlatforms) = postSolution
		{97C500D2-3797-4D9E-9A57-1EA6DD425B64}.Debug|Any CPU.ActiveCfg = Debug|Any CPU
		{97C500D2-3797-4D9E-9A57-1EA6DD425B64}.Debug|Any CPU.Build.0 = Debug|Any CPU
		{97C500D2-3797-4D9E-9A57-1EA6DD425B64}.Release|Any CPU.ActiveCfg = Release|Any CPU
		{97C500D2-3797-4D9E-9A57-1EA6DD425B64}.Release|Any CPU.Build.0 = Release|Any CPU
	EndGlobalSection
	GlobalSection(SolutionProperties) = preSolution
		HideSolutionNode = FALSE
	EndGlobalSection
	GlobalSection(ExtensibilityGlobals) = postSolution
		SolutionGuid = {0FA0AAF2-F7BC-42E8-95BE-EB8D97990C99}
	EndGlobalSection
EndGlobal
