
Microsoft Visual Studio Solution File, Format Version 12.00
# Visual Studio Version 17
VisualStudioVersion = 17.14.36811.4 d17.14
MinimumVisualStudioVersion = 10.0.40219.1
Project("{FAE04EC0-301F-11D3-BF4B-00C04F79EFBC}") = "MachineInventoryProcessor", "MachineInventoryProcessor\MachineInventoryProcessor.csproj", "{3D59D616-5961-405D-94E4-AE3B73CEB7F6}"
EndProject
Global
	GlobalSection(SolutionConfigurationPlatforms) = preSolution
		Debug|Any CPU = Debug|Any CPU
		Release|Any CPU = Release|Any CPU
	EndGlobalSection
	GlobalSection(ProjectConfigurationPlatforms) = postSolution
		{3D59D616-5961-405D-94E4-AE3B73CEB7F6}.Debug|Any CPU.ActiveCfg = Debug|Any CPU
		{3D59D616-5961-405D-94E4-AE3B73CEB7F6}.Debug|Any CPU.Build.0 = Debug|Any CPU
		{3D59D616-5961-405D-94E4-AE3B73CEB7F6}.Release|Any CPU.ActiveCfg = Release|Any CPU
		{3D59D616-5961-405D-94E4-AE3B73CEB7F6}.Release|Any CPU.Build.0 = Release|Any CPU
	EndGlobalSection
	GlobalSection(SolutionProperties) = preSolution
		HideSolutionNode = FALSE
	EndGlobalSection
	GlobalSection(ExtensibilityGlobals) = postSolution
		SolutionGuid = {761AF7D6-8D4C-45C5-88D1-BCF3EDA0DBB9}
	EndGlobalSection
EndGlobal
